
Microsoft Visual Studio Solution File, Format Version 12.00
# Visual Studio Version 16
VisualStudioVersion = 16.0.32002.261
MinimumVisualStudioVersion = 10.0.40219.1
Project("{FAE04EC0-301F-11D3-BF4B-00C04F79EFBC}") = "CxVision", "CxVision\CxVision.csproj", "{7DC173CE-1554-4D91-874E-235C3F629E88}"
EndProject
Project("{FAE04EC0-301F-11D3-BF4B-00C04F79EFBC}") = "AlgorithmsLibrary", "AlgorithmsLibrary\AlgorithmsLibrary.csproj", "{2F1C78E1-B0F5-4A53-9B9F-7E74287AB119}"
EndProject
Project("{FAE04EC0-301F-11D3-BF4B-00C04F79EFBC}") = "Command", "Command\Command.csproj", "{338ED5C5-99ED-4517-82D8-E9DB92E85897}"
EndProject
Project("{FAE04EC0-301F-11D3-BF4B-00C04F79EFBC}") = "Common", "Common\Common.csproj", "{0631DEE4-0041-411E-996B-B5A7F77A09F8}"
EndProject
Project("{FAE04EC0-301F-11D3-BF4B-00C04F79EFBC}") = "FunctionBlock", "FunctionBlock\FunctionBlock.csproj", "{0258A16C-86E6-4564-8BAF-494D4A8574FD}"
EndProject
Project("{FAE04EC0-301F-11D3-BF4B-00C04F79EFBC}") = "MotionControlDevice", "MotionControlCard\MotionControlDevice.csproj", "{F57E9EDC-A6DE-4661-B660-95D2F84A7813}"
EndProject
Project("{FAE04EC0-301F-11D3-BF4B-00C04F79EFBC}") = "Sensor", "Sensor\Sensor.csproj", "{A7E81232-57F8-4EDE-A8E3-B9A145C48293}"
EndProject
Project("{FAE04EC0-301F-11D3-BF4B-00C04F79EFBC}") = "userControl", "UserControl\userControl.csproj", "{A4718EFA-2018-4DA9-9CFD-4C6817B7D190}"
EndProject
Project("{FAE04EC0-301F-11D3-BF4B-00C04F79EFBC}") = "Light", "Light\Light.csproj", "{A612B4EE-69AB-400A-8659-A78ACFBB08B7}"
EndProject
Project("{FAE04EC0-301F-11D3-BF4B-00C04F79EFBC}") = "View", "View\View.csproj", "{304138D5-FF27-402F-9897-742EC846CE2F}"
EndProject
Project("{FAE04EC0-301F-11D3-BF4B-00C04F79EFBC}") = "Script", "Script\Script.csproj", "{6F3859DB-E085-4815-ADA9-6694B64813C5}"
EndProject
Project("{FAE04EC0-301F-11D3-BF4B-00C04F79EFBC}") = "DataBase", "DataBase\DataBase.csproj", "{82AD0203-5CE2-4146-903C-02EC10C1DD74}"
EndProject
Project("{FAE04EC0-301F-11D3-BF4B-00C04F79EFBC}") = "Lib", "Lib\Lib.csproj", "{A4073F3E-AAA4-497C-860B-DD1320B16837}"
EndProject
Global
	GlobalSection(SolutionConfigurationPlatforms) = preSolution
		Debug|Any CPU = Debug|Any CPU
		Debug|x64 = Debug|x64
		Debug|x86 = Debug|x86
		Release|Any CPU = Release|Any CPU
		Release|x64 = Release|x64
		Release|x86 = Release|x86
	EndGlobalSection
	GlobalSection(ProjectConfigurationPlatforms) = postSolution
		{7DC173CE-1554-4D91-874E-235C3F629E88}.Debug|Any CPU.ActiveCfg = Debug|Any CPU
		{7DC173CE-1554-4D91-874E-235C3F629E88}.Debug|Any CPU.Build.0 = Debug|Any CPU
		{7DC173CE-1554-4D91-874E-235C3F629E88}.Debug|x64.ActiveCfg = Debug|x64
		{7DC173CE-1554-4D91-874E-235C3F629E88}.Debug|x64.Build.0 = Debug|x64
		{7DC173CE-1554-4D91-874E-235C3F629E88}.Debug|x86.ActiveCfg = Debug|x86
		{7DC173CE-1554-4D91-874E-235C3F629E88}.Debug|x86.Build.0 = Debug|x86
		{7DC173CE-1554-4D91-874E-235C3F629E88}.Release|Any CPU.ActiveCfg = Release|Any CPU
		{7DC173CE-1554-4D91-874E-235C3F629E88}.Release|Any CPU.Build.0 = Release|Any CPU
		{7DC173CE-1554-4D91-874E-235C3F629E88}.Release|x64.ActiveCfg = Release|x64
		{7DC173CE-1554-4D91-874E-235C3F629E88}.Release|x64.Build.0 = Release|x64
		{7DC173CE-1554-4D91-874E-235C3F629E88}.Release|x86.ActiveCfg = Release|x86
		{7DC173CE-1554-4D91-874E-235C3F629E88}.Release|x86.Build.0 = Release|x86
		{2F1C78E1-B0F5-4A53-9B9F-7E74287AB119}.Debug|Any CPU.ActiveCfg = Debug|Any CPU
		{2F1C78E1-B0F5-4A53-9B9F-7E74287AB119}.Debug|Any CPU.Build.0 = Debug|Any CPU
		{2F1C78E1-B0F5-4A53-9B9F-7E74287AB119}.Debug|x64.ActiveCfg = Debug|x64
		{2F1C78E1-B0F5-4A53-9B9F-7E74287AB119}.Debug|x64.Build.0 = Debug|x64
		{2F1C78E1-B0F5-4A53-9B9F-7E74287AB119}.Debug|x86.ActiveCfg = Debug|x86
		{2F1C78E1-B0F5-4A53-9B9F-7E74287AB119}.Debug|x86.Build.0 = Debug|x86
		{2F1C78E1-B0F5-4A53-9B9F-7E74287AB119}.Release|Any CPU.ActiveCfg = Release|Any CPU
		{2F1C78E1-B0F5-4A53-9B9F-7E74287AB119}.Release|Any CPU.Build.0 = Release|Any CPU
		{2F1C78E1-B0F5-4A53-9B9F-7E74287AB119}.Release|x64.ActiveCfg = Release|x64
		{2F1C78E1-B0F5-4A53-9B9F-7E74287AB119}.Release|x64.Build.0 = Release|x64
		{2F1C78E1-B0F5-4A53-9B9F-7E74287AB119}.Release|x86.ActiveCfg = Release|x86
		{2F1C78E1-B0F5-4A53-9B9F-7E74287AB119}.Release|x86.Build.0 = Release|x86
		{338ED5C5-99ED-4517-82D8-E9DB92E85897}.Debug|Any CPU.ActiveCfg = Debug|Any CPU
		{338ED5C5-99ED-4517-82D8-E9DB92E85897}.Debug|Any CPU.Build.0 = Debug|Any CPU
		{338ED5C5-99ED-4517-82D8-E9DB92E85897}.Debug|x64.ActiveCfg = Debug|x64
		{338ED5C5-99ED-4517-82D8-E9DB92E85897}.Debug|x64.Build.0 = Debug|x64
		{338ED5C5-99ED-4517-82D8-E9DB92E85897}.Debug|x86.ActiveCfg = Debug|x86
		{338ED5C5-99ED-4517-82D8-E9DB92E85897}.Debug|x86.Build.0 = Debug|x86
		{338ED5C5-99ED-4517-82D8-E9DB92E85897}.Release|Any CPU.ActiveCfg = Release|Any CPU
		{338ED5C5-99ED-4517-82D8-E9DB92E85897}.Release|Any CPU.Build.0 = Release|Any CPU
		{338ED5C5-99ED-4517-82D8-E9DB92E85897}.Release|x64.ActiveCfg = Release|x64
		{338ED5C5-99ED-4517-82D8-E9DB92E85897}.Release|x64.Build.0 = Release|x64
		{338ED5C5-99ED-4517-82D8-E9DB92E85897}.Release|x86.ActiveCfg = Release|x86
		{338ED5C5-99ED-4517-82D8-E9DB92E85897}.Release|x86.Build.0 = Release|x86
		{0631DEE4-0041-411E-996B-B5A7F77A09F8}.Debug|Any CPU.ActiveCfg = Debug|Any CPU
		{0631DEE4-0041-411E-996B-B5A7F77A09F8}.Debug|Any CPU.Build.0 = Debug|Any CPU
		{0631DEE4-0041-411E-996B-B5A7F77A09F8}.Debug|x64.ActiveCfg = Debug|x64
		{0631DEE4-0041-411E-996B-B5A7F77A09F8}.Debug|x64.Build.0 = Debug|x64
		{0631DEE4-0041-411E-996B-B5A7F77A09F8}.Debug|x86.ActiveCfg = Debug|x86
		{0631DEE4-0041-411E-996B-B5A7F77A09F8}.Debug|x86.Build.0 = Debug|x86
		{0631DEE4-0041-411E-996B-B5A7F77A09F8}.Release|Any CPU.ActiveCfg = Release|Any CPU
		{0631DEE4-0041-411E-996B-B5A7F77A09F8}.Release|Any CPU.Build.0 = Release|Any CPU
		{0631DEE4-0041-411E-996B-B5A7F77A09F8}.Release|x64.ActiveCfg = Release|x64
		{0631DEE4-0041-411E-996B-B5A7F77A09F8}.Release|x64.Build.0 = Release|x64
		{0631DEE4-0041-411E-996B-B5A7F77A09F8}.Release|x86.ActiveCfg = Release|x86
		{0631DEE4-0041-411E-996B-B5A7F77A09F8}.Release|x86.Build.0 = Release|x86
		{0258A16C-86E6-4564-8BAF-494D4A8574FD}.Debug|Any CPU.ActiveCfg = Debug|Any CPU
		{0258A16C-86E6-4564-8BAF-494D4A8574FD}.Debug|Any CPU.Build.0 = Debug|Any CPU
		{0258A16C-86E6-4564-8BAF-494D4A8574FD}.Debug|x64.ActiveCfg = Debug|x64
		{0258A16C-86E6-4564-8BAF-494D4A8574FD}.Debug|x64.Build.0 = Debug|x64
		{0258A16C-86E6-4564-8BAF-494D4A8574FD}.Debug|x86.ActiveCfg = Debug|x86
		{0258A16C-86E6-4564-8BAF-494D4A8574FD}.Debug|x86.Build.0 = Debug|x86
		{0258A16C-86E6-4564-8BAF-494D4A8574FD}.Release|Any CPU.ActiveCfg = Release|Any CPU
		{0258A16C-86E6-4564-8BAF-494D4A8574FD}.Release|Any CPU.Build.0 = Release|Any CPU
		{0258A16C-86E6-4564-8BAF-494D4A8574FD}.Release|x64.ActiveCfg = Release|x64
		{0258A16C-86E6-4564-8BAF-494D4A8574FD}.Release|x64.Build.0 = Release|x64
		{0258A16C-86E6-4564-8BAF-494D4A8574FD}.Release|x86.ActiveCfg = Release|x86
		{0258A16C-86E6-4564-8BAF-494D4A8574FD}.Release|x86.Build.0 = Release|x86
		{F57E9EDC-A6DE-4661-B660-95D2F84A7813}.Debug|Any CPU.ActiveCfg = Debug|Any CPU
		{F57E9EDC-A6DE-4661-B660-95D2F84A7813}.Debug|Any CPU.Build.0 = Debug|Any CPU
		{F57E9EDC-A6DE-4661-B660-95D2F84A7813}.Debug|x64.ActiveCfg = Debug|x64
		{F57E9EDC-A6DE-4661-B660-95D2F84A7813}.Debug|x64.Build.0 = Debug|x64
		{F57E9EDC-A6DE-4661-B660-95D2F84A7813}.Debug|x86.ActiveCfg = Debug|x86
		{F57E9EDC-A6DE-4661-B660-95D2F84A7813}.Debug|x86.Build.0 = Debug|x86
		{F57E9EDC-A6DE-4661-B660-95D2F84A7813}.Release|Any CPU.ActiveCfg = Release|Any CPU
		{F57E9EDC-A6DE-4661-B660-95D2F84A7813}.Release|Any CPU.Build.0 = Release|Any CPU
		{F57E9EDC-A6DE-4661-B660-95D2F84A7813}.Release|x64.ActiveCfg = Release|x64
		{F57E9EDC-A6DE-4661-B660-95D2F84A7813}.Release|x64.Build.0 = Release|x64
		{F57E9EDC-A6DE-4661-B660-95D2F84A7813}.Release|x86.ActiveCfg = Release|x86
		{F57E9EDC-A6DE-4661-B660-95D2F84A7813}.Release|x86.Build.0 = Release|x86
		{A7E81232-57F8-4EDE-A8E3-B9A145C48293}.Debug|Any CPU.ActiveCfg = Debug|Any CPU
		{A7E81232-57F8-4EDE-A8E3-B9A145C48293}.Debug|Any CPU.Build.0 = Debug|Any CPU
		{A7E81232-57F8-4EDE-A8E3-B9A145C48293}.Debug|x64.ActiveCfg = Debug|x64
		{A7E81232-57F8-4EDE-A8E3-B9A145C48293}.Debug|x64.Build.0 = Debug|x64
		{A7E81232-57F8-4EDE-A8E3-B9A145C48293}.Debug|x86.ActiveCfg = Debug|x86
		{A7E81232-57F8-4EDE-A8E3-B9A145C48293}.Debug|x86.Build.0 = Debug|x86
		{A7E81232-57F8-4EDE-A8E3-B9A145C48293}.Release|Any CPU.ActiveCfg = Release|Any CPU
		{A7E81232-57F8-4EDE-A8E3-B9A145C48293}.Release|Any CPU.Build.0 = Release|Any CPU
		{A7E81232-57F8-4EDE-A8E3-B9A145C48293}.Release|x64.ActiveCfg = Release|x64
		{A7E81232-57F8-4EDE-A8E3-B9A145C48293}.Release|x64.Build.0 = Release|x64
		{A7E81232-57F8-4EDE-A8E3-B9A145C48293}.Release|x86.ActiveCfg = Release|x86
		{A7E81232-57F8-4EDE-A8E3-B9A145C48293}.Release|x86.Build.0 = Release|x86
		{A4718EFA-2018-4DA9-9CFD-4C6817B7D190}.Debug|Any CPU.ActiveCfg = Debug|Any CPU
		{A4718EFA-2018-4DA9-9CFD-4C6817B7D190}.Debug|Any CPU.Build.0 = Debug|Any CPU
		{A4718EFA-2018-4DA9-9CFD-4C6817B7D190}.Debug|x64.ActiveCfg = Debug|x64
		{A4718EFA-2018-4DA9-9CFD-4C6817B7D190}.Debug|x64.Build.0 = Debug|x64
		{A4718EFA-2018-4DA9-9CFD-4C6817B7D190}.Debug|x86.ActiveCfg = Debug|x86
		{A4718EFA-2018-4DA9-9CFD-4C6817B7D190}.Debug|x86.Build.0 = Debug|x86
		{A4718EFA-2018-4DA9-9CFD-4C6817B7D190}.Release|Any CPU.ActiveCfg = Release|Any CPU
		{A4718EFA-2018-4DA9-9CFD-4C6817B7D190}.Release|Any CPU.Build.0 = Release|Any CPU
		{A4718EFA-2018-4DA9-9CFD-4C6817B7D190}.Release|x64.ActiveCfg = Release|x64
		{A4718EFA-2018-4DA9-9CFD-4C6817B7D190}.Release|x64.Build.0 = Release|x64
		{A4718EFA-2018-4DA9-9CFD-4C6817B7D190}.Release|x86.ActiveCfg = Release|x86
		{A4718EFA-2018-4DA9-9CFD-4C6817B7D190}.Release|x86.Build.0 = Release|x86
		{A612B4EE-69AB-400A-8659-A78ACFBB08B7}.Debug|Any CPU.ActiveCfg = Debug|Any CPU
		{A612B4EE-69AB-400A-8659-A78ACFBB08B7}.Debug|Any CPU.Build.0 = Debug|Any CPU
		{A612B4EE-69AB-400A-8659-A78ACFBB08B7}.Debug|x64.ActiveCfg = Debug|Any CPU
		{A612B4EE-69AB-400A-8659-A78ACFBB08B7}.Debug|x64.Build.0 = Debug|Any CPU
		{A612B4EE-69AB-400A-8659-A78ACFBB08B7}.Debug|x86.ActiveCfg = Debug|Any CPU
		{A612B4EE-69AB-400A-8659-A78ACFBB08B7}.Debug|x86.Build.0 = Debug|Any CPU
		{A612B4EE-69AB-400A-8659-A78ACFBB08B7}.Release|Any CPU.ActiveCfg = Release|Any CPU
		{A612B4EE-69AB-400A-8659-A78ACFBB08B7}.Release|Any CPU.Build.0 = Release|Any CPU
		{A612B4EE-69AB-400A-8659-A78ACFBB08B7}.Release|x64.ActiveCfg = Release|Any CPU
		{A612B4EE-69AB-400A-8659-A78ACFBB08B7}.Release|x64.Build.0 = Release|Any CPU
		{A612B4EE-69AB-400A-8659-A78ACFBB08B7}.Release|x86.ActiveCfg = Release|Any CPU
		{A612B4EE-69AB-400A-8659-A78ACFBB08B7}.Release|x86.Build.0 = Release|Any CPU
		{304138D5-FF27-402F-9897-742EC846CE2F}.Debug|Any CPU.ActiveCfg = Debug|Any CPU
		{304138D5-FF27-402F-9897-742EC846CE2F}.Debug|Any CPU.Build.0 = Debug|Any CPU
		{304138D5-FF27-402F-9897-742EC846CE2F}.Debug|x64.ActiveCfg = Debug|x64
		{304138D5-FF27-402F-9897-742EC846CE2F}.Debug|x64.Build.0 = Debug|x64
		{304138D5-FF27-402F-9897-742EC846CE2F}.Debug|x86.ActiveCfg = Debug|x86
		{304138D5-FF27-402F-9897-742EC846CE2F}.Debug|x86.Build.0 = Debug|x86
		{304138D5-FF27-402F-9897-742EC846CE2F}.Release|Any CPU.ActiveCfg = Release|Any CPU
		{304138D5-FF27-402F-9897-742EC846CE2F}.Release|Any CPU.Build.0 = Release|Any CPU
		{304138D5-FF27-402F-9897-742EC846CE2F}.Release|x64.ActiveCfg = Release|x64
		{304138D5-FF27-402F-9897-742EC846CE2F}.Release|x64.Build.0 = Release|x64
		{304138D5-FF27-402F-9897-742EC846CE2F}.Release|x86.ActiveCfg = Release|x86
		{304138D5-FF27-402F-9897-742EC846CE2F}.Release|x86.Build.0 = Release|x86
		{6F3859DB-E085-4815-ADA9-6694B64813C5}.Debug|Any CPU.ActiveCfg = Debug|Any CPU
		{6F3859DB-E085-4815-ADA9-6694B64813C5}.Debug|Any CPU.Build.0 = Debug|Any CPU
		{6F3859DB-E085-4815-ADA9-6694B64813C5}.Debug|x64.ActiveCfg = Debug|Any CPU
		{6F3859DB-E085-4815-ADA9-6694B64813C5}.Debug|x64.Build.0 = Debug|Any CPU
		{6F3859DB-E085-4815-ADA9-6694B64813C5}.Debug|x86.ActiveCfg = Debug|Any CPU
		{6F3859DB-E085-4815-ADA9-6694B64813C5}.Debug|x86.Build.0 = Debug|Any CPU
		{6F3859DB-E085-4815-ADA9-6694B64813C5}.Release|Any CPU.ActiveCfg = Release|Any CPU
		{6F3859DB-E085-4815-ADA9-6694B64813C5}.Release|Any CPU.Build.0 = Release|Any CPU
		{6F3859DB-E085-4815-ADA9-6694B64813C5}.Release|x64.ActiveCfg = Release|Any CPU
		{6F3859DB-E085-4815-ADA9-6694B64813C5}.Release|x64.Build.0 = Release|Any CPU
		{6F3859DB-E085-4815-ADA9-6694B64813C5}.Release|x86.ActiveCfg = Release|Any CPU
		{6F3859DB-E085-4815-ADA9-6694B64813C5}.Release|x86.Build.0 = Release|Any CPU
		{82AD0203-5CE2-4146-903C-02EC10C1DD74}.Debug|Any CPU.ActiveCfg = Debug|Any CPU
		{82AD0203-5CE2-4146-903C-02EC10C1DD74}.Debug|Any CPU.Build.0 = Debug|Any CPU
		{82AD0203-5CE2-4146-903C-02EC10C1DD74}.Debug|x64.ActiveCfg = Debug|Any CPU
		{82AD0203-5CE2-4146-903C-02EC10C1DD74}.Debug|x64.Build.0 = Debug|Any CPU
		{82AD0203-5CE2-4146-903C-02EC10C1DD74}.Debug|x86.ActiveCfg = Debug|Any CPU
		{82AD0203-5CE2-4146-903C-02EC10C1DD74}.Debug|x86.Build.0 = Debug|Any CPU
		{82AD0203-5CE2-4146-903C-02EC10C1DD74}.Release|Any CPU.ActiveCfg = Release|Any CPU
		{82AD0203-5CE2-4146-903C-02EC10C1DD74}.Release|Any CPU.Build.0 = Release|Any CPU
		{82AD0203-5CE2-4146-903C-02EC10C1DD74}.Release|x64.ActiveCfg = Release|Any CPU
		{82AD0203-5CE2-4146-903C-02EC10C1DD74}.Release|x64.Build.0 = Release|Any CPU
		{82AD0203-5CE2-4146-903C-02EC10C1DD74}.Release|x86.ActiveCfg = Release|Any CPU
		{82AD0203-5CE2-4146-903C-02EC10C1DD74}.Release|x86.Build.0 = Release|Any CPU
		{A4073F3E-AAA4-497C-860B-DD1320B16837}.Debug|Any CPU.ActiveCfg = Debug|Any CPU
		{A4073F3E-AAA4-497C-860B-DD1320B16837}.Debug|Any CPU.Build.0 = Debug|Any CPU
		{A4073F3E-AAA4-497C-860B-DD1320B16837}.Debug|x64.ActiveCfg = Debug|Any CPU
		{A4073F3E-AAA4-497C-860B-DD1320B16837}.Debug|x64.Build.0 = Debug|Any CPU
		{A4073F3E-AAA4-497C-860B-DD1320B16837}.Debug|x86.ActiveCfg = Debug|Any CPU
		{A4073F3E-AAA4-497C-860B-DD1320B16837}.Debug|x86.Build.0 = Debug|Any CPU
		{A4073F3E-AAA4-497C-860B-DD1320B16837}.Release|Any CPU.ActiveCfg = Release|Any CPU
		{A4073F3E-AAA4-497C-860B-DD1320B16837}.Release|Any CPU.Build.0 = Release|Any CPU
		{A4073F3E-AAA4-497C-860B-DD1320B16837}.Release|x64.ActiveCfg = Release|Any CPU
		{A4073F3E-AAA4-497C-860B-DD1320B16837}.Release|x64.Build.0 = Release|Any CPU
		{A4073F3E-AAA4-497C-860B-DD1320B16837}.Release|x86.ActiveCfg = Release|Any CPU
		{A4073F3E-AAA4-497C-860B-DD1320B16837}.Release|x86.Build.0 = Release|Any CPU
	EndGlobalSection
	GlobalSection(SolutionProperties) = preSolution
		HideSolutionNode = FALSE
	EndGlobalSection
	GlobalSection(ExtensibilityGlobals) = postSolution
		SolutionGuid = {9CD1E938-F9B6-47DD-AA58-6B9517414AAB}
	EndGlobalSection
EndGlobal
